// !$*UTF8*$!
{
	archiveVersion = 1;
	classes = {
	};
	objectVersion = 46;
	objects = {

/* Begin PBXBuildFile section */
		07FAE4924893FB6F8608C9F2 /* libPods-GiphyAppUITests.a in Frameworks */ = {isa = PBXBuildFile; fileRef = 83CA2BFACAB605DA1D5FD3BB /* libPods-GiphyAppUITests.a */; };
		733A613B15E49EB2BC8846C6 /* libPods-GiphyAppTests.a in Frameworks */ = {isa = PBXBuildFile; fileRef = A33CE37DF3F0E465BD93138D /* libPods-GiphyAppTests.a */; };
		8BA1A2A01EC452CF001CCE7E /* main.m in Sources */ = {isa = PBXBuildFile; fileRef = 8BA1A29F1EC452CF001CCE7E /* main.m */; };
		8BA1A2A31EC452CF001CCE7E /* AppDelegate.m in Sources */ = {isa = PBXBuildFile; fileRef = 8BA1A2A21EC452CF001CCE7E /* AppDelegate.m */; };
		8BA1A2A91EC452CF001CCE7E /* Main.storyboard in Resources */ = {isa = PBXBuildFile; fileRef = 8BA1A2A71EC452CF001CCE7E /* Main.storyboard */; };
		8BA1A2AB1EC452CF001CCE7E /* Assets.xcassets in Resources */ = {isa = PBXBuildFile; fileRef = 8BA1A2AA1EC452CF001CCE7E /* Assets.xcassets */; };
		8BA1A2AE1EC452CF001CCE7E /* LaunchScreen.storyboard in Resources */ = {isa = PBXBuildFile; fileRef = 8BA1A2AC1EC452CF001CCE7E /* LaunchScreen.storyboard */; };
		8BA1A2B91EC452CF001CCE7E /* GiphyAppTests.m in Sources */ = {isa = PBXBuildFile; fileRef = 8BA1A2B81EC452CF001CCE7E /* GiphyAppTests.m */; };
		8BA1A2C41EC452CF001CCE7E /* GiphyAppUITests.m in Sources */ = {isa = PBXBuildFile; fileRef = 8BA1A2C31EC452CF001CCE7E /* GiphyAppUITests.m */; };
		8BC914B01EC4694300C6A16F /* giphyCollectionViewController.m in Sources */ = {isa = PBXBuildFile; fileRef = 8BC914AF1EC4694300C6A16F /* giphyCollectionViewController.m */; };
		8BC914B81EC46B9C00C6A16F /* GifCell.m in Sources */ = {isa = PBXBuildFile; fileRef = 8BC914B71EC46B9C00C6A16F /* GifCell.m */; };
		8BC914BB1EC47BBB00C6A16F /* giphyService.m in Sources */ = {isa = PBXBuildFile; fileRef = 8BC914BA1EC47BBB00C6A16F /* giphyService.m */; };
		A974D6970057DE2155C019CC /* libPods-GiphyApp.a in Frameworks */ = {isa = PBXBuildFile; fileRef = 41D0E67E36D3D02230AD3D75 /* libPods-GiphyApp.a */; };
		F56514EA1EF9BEF00086844A /* GiphyImage.m in Sources */ = {isa = PBXBuildFile; fileRef = F56514E91EF9BEF00086844A /* GiphyImage.m */; };
		F56514ED1EF9BF380086844A /* GiphyImageImages.m in Sources */ = {isa = PBXBuildFile; fileRef = F56514EC1EF9BF380086844A /* GiphyImageImages.m */; };
		F56514F01EF9BFD90086844A /* GiphyImageSettings.m in Sources */ = {isa = PBXBuildFile; fileRef = F56514EF1EF9BFD90086844A /* GiphyImageSettings.m */; };
/* End PBXBuildFile section */

/* Begin PBXContainerItemProxy section */
		8BA1A2B51EC452CF001CCE7E /* PBXContainerItemProxy */ = {
			isa = PBXContainerItemProxy;
			containerPortal = 8BA1A2931EC452CF001CCE7E /* Project object */;
			proxyType = 1;
			remoteGlobalIDString = 8BA1A29A1EC452CF001CCE7E;
			remoteInfo = GiphyApp;
		};
		8BA1A2C01EC452CF001CCE7E /* PBXContainerItemProxy */ = {
			isa = PBXContainerItemProxy;
			containerPortal = 8BA1A2931EC452CF001CCE7E /* Project object */;
			proxyType = 1;
			remoteGlobalIDString = 8BA1A29A1EC452CF001CCE7E;
			remoteInfo = GiphyApp;
		};
/* End PBXContainerItemProxy section */

/* Begin PBXFileReference section */
		1D8591015EB390198AF619AC /* Pods-GiphyAppUITests.debug.xcconfig */ = {isa = PBXFileReference; includeInIndex = 1; lastKnownFileType = text.xcconfig; name = "Pods-GiphyAppUITests.debug.xcconfig"; path = "Pods/Target Support Files/Pods-GiphyAppUITests/Pods-GiphyAppUITests.debug.xcconfig"; sourceTree = "<group>"; };
		3A05B732594A7F7402903F56 /* Pods-GiphyAppTests.release.xcconfig */ = {isa = PBXFileReference; includeInIndex = 1; lastKnownFileType = text.xcconfig; name = "Pods-GiphyAppTests.release.xcconfig"; path = "Pods/Target Support Files/Pods-GiphyAppTests/Pods-GiphyAppTests.release.xcconfig"; sourceTree = "<group>"; };
		41D0E67E36D3D02230AD3D75 /* libPods-GiphyApp.a */ = {isa = PBXFileReference; explicitFileType = archive.ar; includeInIndex = 0; path = "libPods-GiphyApp.a"; sourceTree = BUILT_PRODUCTS_DIR; };
		4FA9130FE6F0E2BD0C974A7A /* Pods-GiphyAppUITests.release.xcconfig */ = {isa = PBXFileReference; includeInIndex = 1; lastKnownFileType = text.xcconfig; name = "Pods-GiphyAppUITests.release.xcconfig"; path = "Pods/Target Support Files/Pods-GiphyAppUITests/Pods-GiphyAppUITests.release.xcconfig"; sourceTree = "<group>"; };
		501763FC9B8D2A6951D6DBED /* Pods-GiphyAppTests.debug.xcconfig */ = {isa = PBXFileReference; includeInIndex = 1; lastKnownFileType = text.xcconfig; name = "Pods-GiphyAppTests.debug.xcconfig"; path = "Pods/Target Support Files/Pods-GiphyAppTests/Pods-GiphyAppTests.debug.xcconfig"; sourceTree = "<group>"; };
		5A2CFD4DC4E1A6D3EFFD3719 /* Pods-GiphyApp.debug.xcconfig */ = {isa = PBXFileReference; includeInIndex = 1; lastKnownFileType = text.xcconfig; name = "Pods-GiphyApp.debug.xcconfig"; path = "Pods/Target Support Files/Pods-GiphyApp/Pods-GiphyApp.debug.xcconfig"; sourceTree = "<group>"; };
		83CA2BFACAB605DA1D5FD3BB /* libPods-GiphyAppUITests.a */ = {isa = PBXFileReference; explicitFileType = archive.ar; includeInIndex = 0; path = "libPods-GiphyAppUITests.a"; sourceTree = BUILT_PRODUCTS_DIR; };
		8BA1A29B1EC452CF001CCE7E /* GiphyApp.app */ = {isa = PBXFileReference; explicitFileType = wrapper.application; includeInIndex = 0; path = GiphyApp.app; sourceTree = BUILT_PRODUCTS_DIR; };
		8BA1A29F1EC452CF001CCE7E /* main.m */ = {isa = PBXFileReference; lastKnownFileType = sourcecode.c.objc; path = main.m; sourceTree = "<group>"; };
		8BA1A2A11EC452CF001CCE7E /* AppDelegate.h */ = {isa = PBXFileReference; lastKnownFileType = sourcecode.c.h; path = AppDelegate.h; sourceTree = "<group>"; };
		8BA1A2A21EC452CF001CCE7E /* AppDelegate.m */ = {isa = PBXFileReference; lastKnownFileType = sourcecode.c.objc; path = AppDelegate.m; sourceTree = "<group>"; };
		8BA1A2A81EC452CF001CCE7E /* Base */ = {isa = PBXFileReference; lastKnownFileType = file.storyboard; name = Base; path = Base.lproj/Main.storyboard; sourceTree = "<group>"; };
		8BA1A2AA1EC452CF001CCE7E /* Assets.xcassets */ = {isa = PBXFileReference; lastKnownFileType = folder.assetcatalog; path = Assets.xcassets; sourceTree = "<group>"; };
		8BA1A2AD1EC452CF001CCE7E /* Base */ = {isa = PBXFileReference; lastKnownFileType = file.storyboard; name = Base; path = Base.lproj/LaunchScreen.storyboard; sourceTree = "<group>"; };
		8BA1A2AF1EC452CF001CCE7E /* Info.plist */ = {isa = PBXFileReference; lastKnownFileType = text.plist.xml; path = Info.plist; sourceTree = "<group>"; };
		8BA1A2B41EC452CF001CCE7E /* GiphyAppTests.xctest */ = {isa = PBXFileReference; explicitFileType = wrapper.cfbundle; includeInIndex = 0; path = GiphyAppTests.xctest; sourceTree = BUILT_PRODUCTS_DIR; };
		8BA1A2B81EC452CF001CCE7E /* GiphyAppTests.m */ = {isa = PBXFileReference; lastKnownFileType = sourcecode.c.objc; path = GiphyAppTests.m; sourceTree = "<group>"; };
		8BA1A2BA1EC452CF001CCE7E /* Info.plist */ = {isa = PBXFileReference; lastKnownFileType = text.plist.xml; path = Info.plist; sourceTree = "<group>"; };
		8BA1A2BF1EC452CF001CCE7E /* GiphyAppUITests.xctest */ = {isa = PBXFileReference; explicitFileType = wrapper.cfbundle; includeInIndex = 0; path = GiphyAppUITests.xctest; sourceTree = BUILT_PRODUCTS_DIR; };
		8BA1A2C31EC452CF001CCE7E /* GiphyAppUITests.m */ = {isa = PBXFileReference; lastKnownFileType = sourcecode.c.objc; path = GiphyAppUITests.m; sourceTree = "<group>"; };
		8BA1A2C51EC452CF001CCE7E /* Info.plist */ = {isa = PBXFileReference; lastKnownFileType = text.plist.xml; path = Info.plist; sourceTree = "<group>"; };
		8BC914AE1EC4694300C6A16F /* giphyCollectionViewController.h */ = {isa = PBXFileReference; fileEncoding = 4; lastKnownFileType = sourcecode.c.h; path = giphyCollectionViewController.h; sourceTree = "<group>"; };
		8BC914AF1EC4694300C6A16F /* giphyCollectionViewController.m */ = {isa = PBXFileReference; fileEncoding = 4; lastKnownFileType = sourcecode.c.objc; path = giphyCollectionViewController.m; sourceTree = "<group>"; };
		8BC914B61EC46B9C00C6A16F /* GifCell.h */ = {isa = PBXFileReference; fileEncoding = 4; lastKnownFileType = sourcecode.c.h; path = GifCell.h; sourceTree = "<group>"; };
		8BC914B71EC46B9C00C6A16F /* GifCell.m */ = {isa = PBXFileReference; fileEncoding = 4; lastKnownFileType = sourcecode.c.objc; path = GifCell.m; sourceTree = "<group>"; };
		8BC914B91EC47BBB00C6A16F /* giphyService.h */ = {isa = PBXFileReference; fileEncoding = 4; lastKnownFileType = sourcecode.c.h; path = giphyService.h; sourceTree = "<group>"; };
		8BC914BA1EC47BBB00C6A16F /* giphyService.m */ = {isa = PBXFileReference; fileEncoding = 4; lastKnownFileType = sourcecode.c.objc; path = giphyService.m; sourceTree = "<group>"; };
		A33CE37DF3F0E465BD93138D /* libPods-GiphyAppTests.a */ = {isa = PBXFileReference; explicitFileType = archive.ar; includeInIndex = 0; path = "libPods-GiphyAppTests.a"; sourceTree = BUILT_PRODUCTS_DIR; };
		F56514E81EF9BEF00086844A /* GiphyImage.h */ = {isa = PBXFileReference; fileEncoding = 4; lastKnownFileType = sourcecode.c.h; path = GiphyImage.h; sourceTree = "<group>"; };
		F56514E91EF9BEF00086844A /* GiphyImage.m */ = {isa = PBXFileReference; fileEncoding = 4; lastKnownFileType = sourcecode.c.objc; path = GiphyImage.m; sourceTree = "<group>"; };
		F56514EB1EF9BF380086844A /* GiphyImageImages.h */ = {isa = PBXFileReference; fileEncoding = 4; lastKnownFileType = sourcecode.c.h; path = GiphyImageImages.h; sourceTree = "<group>"; };
		F56514EC1EF9BF380086844A /* GiphyImageImages.m */ = {isa = PBXFileReference; fileEncoding = 4; lastKnownFileType = sourcecode.c.objc; path = GiphyImageImages.m; sourceTree = "<group>"; };
		F56514EE1EF9BFD90086844A /* GiphyImageSettings.h */ = {isa = PBXFileReference; fileEncoding = 4; lastKnownFileType = sourcecode.c.h; path = GiphyImageSettings.h; sourceTree = "<group>"; };
		F56514EF1EF9BFD90086844A /* GiphyImageSettings.m */ = {isa = PBXFileReference; fileEncoding = 4; lastKnownFileType = sourcecode.c.objc; path = GiphyImageSettings.m; sourceTree = "<group>"; };
		F682100E3FE0F8E0FCB14C9D /* Pods-GiphyApp.release.xcconfig */ = {isa = PBXFileReference; includeInIndex = 1; lastKnownFileType = text.xcconfig; name = "Pods-GiphyApp.release.xcconfig"; path = "Pods/Target Support Files/Pods-GiphyApp/Pods-GiphyApp.release.xcconfig"; sourceTree = "<group>"; };
/* End PBXFileReference section */

/* Begin PBXFrameworksBuildPhase section */
		8BA1A2981EC452CF001CCE7E /* Frameworks */ = {
			isa = PBXFrameworksBuildPhase;
			buildActionMask = 2147483647;
			files = (
				A974D6970057DE2155C019CC /* libPods-GiphyApp.a in Frameworks */,
			);
			runOnlyForDeploymentPostprocessing = 0;
		};
		8BA1A2B11EC452CF001CCE7E /* Frameworks */ = {
			isa = PBXFrameworksBuildPhase;
			buildActionMask = 2147483647;
			files = (
				733A613B15E49EB2BC8846C6 /* libPods-GiphyAppTests.a in Frameworks */,
			);
			runOnlyForDeploymentPostprocessing = 0;
		};
		8BA1A2BC1EC452CF001CCE7E /* Frameworks */ = {
			isa = PBXFrameworksBuildPhase;
			buildActionMask = 2147483647;
			files = (
				07FAE4924893FB6F8608C9F2 /* libPods-GiphyAppUITests.a in Frameworks */,
			);
			runOnlyForDeploymentPostprocessing = 0;
		};
/* End PBXFrameworksBuildPhase section */

/* Begin PBXGroup section */
		8BA1A2921EC452CF001CCE7E = {
			isa = PBXGroup;
			children = (
				8BA1A29D1EC452CF001CCE7E /* GiphyApp */,
				8BA1A2B71EC452CF001CCE7E /* GiphyAppTests */,
				8BA1A2C21EC452CF001CCE7E /* GiphyAppUITests */,
				8BA1A29C1EC452CF001CCE7E /* Products */,
				8C40B53C02C1BD6AFBBA5CD6 /* Pods */,
				D8435D1E89B1167D1A7CA397 /* Frameworks */,
			);
			sourceTree = "<group>";
		};
		8BA1A29C1EC452CF001CCE7E /* Products */ = {
			isa = PBXGroup;
			children = (
				8BA1A29B1EC452CF001CCE7E /* GiphyApp.app */,
				8BA1A2B41EC452CF001CCE7E /* GiphyAppTests.xctest */,
				8BA1A2BF1EC452CF001CCE7E /* GiphyAppUITests.xctest */,
			);
			name = Products;
			sourceTree = "<group>";
		};
		8BA1A29D1EC452CF001CCE7E /* GiphyApp */ = {
			isa = PBXGroup;
			children = (
				8BA1A2A11EC452CF001CCE7E /* AppDelegate.h */,
				8BA1A2A21EC452CF001CCE7E /* AppDelegate.m */,
				8BC914AE1EC4694300C6A16F /* giphyCollectionViewController.h */,
				8BC914AF1EC4694300C6A16F /* giphyCollectionViewController.m */,
				8BC914B91EC47BBB00C6A16F /* giphyService.h */,
				8BC914BA1EC47BBB00C6A16F /* giphyService.m */,
				8BA1A2A71EC452CF001CCE7E /* Main.storyboard */,
				8BA1A2AA1EC452CF001CCE7E /* Assets.xcassets */,
				8BA1A2AC1EC452CF001CCE7E /* LaunchScreen.storyboard */,
				8BC914B51EC46B1600C6A16F /* views */,
				8BC914B11EC4696B00C6A16F /* model */,
				8BA1A29E1EC452CF001CCE7E /* Supporting Files */,
			);
			path = GiphyApp;
			sourceTree = "<group>";
		};
		8BA1A29E1EC452CF001CCE7E /* Supporting Files */ = {
			isa = PBXGroup;
			children = (
				8BA1A2AF1EC452CF001CCE7E /* Info.plist */,
				8BA1A29F1EC452CF001CCE7E /* main.m */,
			);
			name = "Supporting Files";
			sourceTree = "<group>";
		};
		8BA1A2B71EC452CF001CCE7E /* GiphyAppTests */ = {
			isa = PBXGroup;
			children = (
				8BA1A2B81EC452CF001CCE7E /* GiphyAppTests.m */,
				8BA1A2BA1EC452CF001CCE7E /* Info.plist */,
			);
			path = GiphyAppTests;
			sourceTree = "<group>";
		};
		8BA1A2C21EC452CF001CCE7E /* GiphyAppUITests */ = {
			isa = PBXGroup;
			children = (
				8BA1A2C31EC452CF001CCE7E /* GiphyAppUITests.m */,
				8BA1A2C51EC452CF001CCE7E /* Info.plist */,
			);
			path = GiphyAppUITests;
			sourceTree = "<group>";
		};
		8BC914B11EC4696B00C6A16F /* model */ = {
			isa = PBXGroup;
			children = (
				F56514E81EF9BEF00086844A /* GiphyImage.h */,
				F56514E91EF9BEF00086844A /* GiphyImage.m */,
				F56514EB1EF9BF380086844A /* GiphyImageImages.h */,
				F56514EC1EF9BF380086844A /* GiphyImageImages.m */,
				F56514EE1EF9BFD90086844A /* GiphyImageSettings.h */,
				F56514EF1EF9BFD90086844A /* GiphyImageSettings.m */,
			);
			name = model;
			sourceTree = "<group>";
		};
		8BC914B51EC46B1600C6A16F /* views */ = {
			isa = PBXGroup;
			children = (
				8BC914B61EC46B9C00C6A16F /* GifCell.h */,
				8BC914B71EC46B9C00C6A16F /* GifCell.m */,
			);
			name = views;
			sourceTree = "<group>";
		};
		8C40B53C02C1BD6AFBBA5CD6 /* Pods */ = {
			isa = PBXGroup;
			children = (
				5A2CFD4DC4E1A6D3EFFD3719 /* Pods-GiphyApp.debug.xcconfig */,
				F682100E3FE0F8E0FCB14C9D /* Pods-GiphyApp.release.xcconfig */,
				501763FC9B8D2A6951D6DBED /* Pods-GiphyAppTests.debug.xcconfig */,
				3A05B732594A7F7402903F56 /* Pods-GiphyAppTests.release.xcconfig */,
				1D8591015EB390198AF619AC /* Pods-GiphyAppUITests.debug.xcconfig */,
				4FA9130FE6F0E2BD0C974A7A /* Pods-GiphyAppUITests.release.xcconfig */,
			);
			name = Pods;
			sourceTree = "<group>";
		};
		D8435D1E89B1167D1A7CA397 /* Frameworks */ = {
			isa = PBXGroup;
			children = (
				41D0E67E36D3D02230AD3D75 /* libPods-GiphyApp.a */,
				A33CE37DF3F0E465BD93138D /* libPods-GiphyAppTests.a */,
				83CA2BFACAB605DA1D5FD3BB /* libPods-GiphyAppUITests.a */,
			);
			name = Frameworks;
			sourceTree = "<group>";
		};
/* End PBXGroup section */

/* Begin PBXNativeTarget section */
		8BA1A29A1EC452CF001CCE7E /* GiphyApp */ = {
			isa = PBXNativeTarget;
			buildConfigurationList = 8BA1A2C81EC452CF001CCE7E /* Build configuration list for PBXNativeTarget "GiphyApp" */;
			buildPhases = (
				1DF2EB65D7731B9FAEC2DCB3 /* 📦 Check Pods Manifest.lock */,
				60E6CAB14D3B3691E925E57F /* [CP] Check Pods Manifest.lock */,
				8BA1A2971EC452CF001CCE7E /* Sources */,
				8BA1A2981EC452CF001CCE7E /* Frameworks */,
				8BA1A2991EC452CF001CCE7E /* Resources */,
				704F9B5BE30A42F84BA0EFAC /* [CP] Embed Pods Frameworks */,
				D0463CE0413D92B2C7F48409 /* [CP] Copy Pods Resources */,
				F3D157200A9E5DEB810F84E6 /* 📦 Embed Pods Frameworks */,
				1CFE3BB5DFB5C063ADB4865A /* 📦 Copy Pods Resources */,
			);
			buildRules = (
			);
			dependencies = (
			);
			name = GiphyApp;
			productName = GiphyApp;
			productReference = 8BA1A29B1EC452CF001CCE7E /* GiphyApp.app */;
			productType = "com.apple.product-type.application";
		};
		8BA1A2B31EC452CF001CCE7E /* GiphyAppTests */ = {
			isa = PBXNativeTarget;
			buildConfigurationList = 8BA1A2CB1EC452CF001CCE7E /* Build configuration list for PBXNativeTarget "GiphyAppTests" */;
			buildPhases = (
				3FA7DE51FA220DA042984FC3 /* 📦 Check Pods Manifest.lock */,
				7468E80D470B1FA59010FBED /* [CP] Check Pods Manifest.lock */,
				8BA1A2B01EC452CF001CCE7E /* Sources */,
				8BA1A2B11EC452CF001CCE7E /* Frameworks */,
				8BA1A2B21EC452CF001CCE7E /* Resources */,
				DB52F5C38730729AFD9E6779 /* [CP] Embed Pods Frameworks */,
				7CFD2264C5466F4C1F02828B /* [CP] Copy Pods Resources */,
				AEBAD747E42DA0415899599E /* 📦 Embed Pods Frameworks */,
				CEFF3A750AD91261F9C3C102 /* 📦 Copy Pods Resources */,
			);
			buildRules = (
			);
			dependencies = (
				8BA1A2B61EC452CF001CCE7E /* PBXTargetDependency */,
			);
			name = GiphyAppTests;
			productName = GiphyAppTests;
			productReference = 8BA1A2B41EC452CF001CCE7E /* GiphyAppTests.xctest */;
			productType = "com.apple.product-type.bundle.unit-test";
		};
		8BA1A2BE1EC452CF001CCE7E /* GiphyAppUITests */ = {
			isa = PBXNativeTarget;
			buildConfigurationList = 8BA1A2CE1EC452CF001CCE7E /* Build configuration list for PBXNativeTarget "GiphyAppUITests" */;
			buildPhases = (
				20B807A81E20F6A17A5099BA /* 📦 Check Pods Manifest.lock */,
				7B4AA88073D6DEF3FDDBE575 /* [CP] Check Pods Manifest.lock */,
				8BA1A2BB1EC452CF001CCE7E /* Sources */,
				8BA1A2BC1EC452CF001CCE7E /* Frameworks */,
				8BA1A2BD1EC452CF001CCE7E /* Resources */,
				7D7DFC67A4B14657DB0C64CC /* [CP] Embed Pods Frameworks */,
				11A6D23772FFF229D13B3140 /* [CP] Copy Pods Resources */,
				06D63D4080E77D3E4C4ACC86 /* 📦 Copy Pods Resources */,
			);
			buildRules = (
			);
			dependencies = (
				8BA1A2C11EC452CF001CCE7E /* PBXTargetDependency */,
			);
			name = GiphyAppUITests;
			productName = GiphyAppUITests;
			productReference = 8BA1A2BF1EC452CF001CCE7E /* GiphyAppUITests.xctest */;
			productType = "com.apple.product-type.bundle.ui-testing";
		};
/* End PBXNativeTarget section */

/* Begin PBXProject section */
		8BA1A2931EC452CF001CCE7E /* Project object */ = {
			isa = PBXProject;
			attributes = {
				LastUpgradeCheck = 0820;
				ORGANIZATIONNAME = "Yuri V";
				TargetAttributes = {
					8BA1A29A1EC452CF001CCE7E = {
						CreatedOnToolsVersion = 8.2.1;
						ProvisioningStyle = Automatic;
					};
					8BA1A2B31EC452CF001CCE7E = {
						CreatedOnToolsVersion = 8.2.1;
						ProvisioningStyle = Automatic;
						TestTargetID = 8BA1A29A1EC452CF001CCE7E;
					};
					8BA1A2BE1EC452CF001CCE7E = {
						CreatedOnToolsVersion = 8.2.1;
						ProvisioningStyle = Automatic;
						TestTargetID = 8BA1A29A1EC452CF001CCE7E;
					};
				};
			};
			buildConfigurationList = 8BA1A2961EC452CF001CCE7E /* Build configuration list for PBXProject "GiphyApp" */;
			compatibilityVersion = "Xcode 3.2";
			developmentRegion = English;
			hasScannedForEncodings = 0;
			knownRegions = (
				en,
				Base,
			);
			mainGroup = 8BA1A2921EC452CF001CCE7E;
			productRefGroup = 8BA1A29C1EC452CF001CCE7E /* Products */;
			projectDirPath = "";
			projectRoot = "";
			targets = (
				8BA1A29A1EC452CF001CCE7E /* GiphyApp */,
				8BA1A2B31EC452CF001CCE7E /* GiphyAppTests */,
				8BA1A2BE1EC452CF001CCE7E /* GiphyAppUITests */,
			);
		};
/* End PBXProject section */

/* Begin PBXResourcesBuildPhase section */
		8BA1A2991EC452CF001CCE7E /* Resources */ = {
			isa = PBXResourcesBuildPhase;
			buildActionMask = 2147483647;
			files = (
				8BA1A2AE1EC452CF001CCE7E /* LaunchScreen.storyboard in Resources */,
				8BA1A2AB1EC452CF001CCE7E /* Assets.xcassets in Resources */,
				8BA1A2A91EC452CF001CCE7E /* Main.storyboard in Resources */,
			);
			runOnlyForDeploymentPostprocessing = 0;
		};
		8BA1A2B21EC452CF001CCE7E /* Resources */ = {
			isa = PBXResourcesBuildPhase;
			buildActionMask = 2147483647;
			files = (
			);
			runOnlyForDeploymentPostprocessing = 0;
		};
		8BA1A2BD1EC452CF001CCE7E /* Resources */ = {
			isa = PBXResourcesBuildPhase;
			buildActionMask = 2147483647;
			files = (
			);
			runOnlyForDeploymentPostprocessing = 0;
		};
/* End PBXResourcesBuildPhase section */

/* Begin PBXShellScriptBuildPhase section */
		06D63D4080E77D3E4C4ACC86 /* 📦 Copy Pods Resources */ = {
			isa = PBXShellScriptBuildPhase;
			buildActionMask = 2147483647;
			files = (
			);
			inputPaths = (
			);
			name = "📦 Copy Pods Resources";
			outputPaths = (
			);
			runOnlyForDeploymentPostprocessing = 0;
			shellPath = /bin/sh;
			shellScript = "\"${SRCROOT}/Pods/Target Support Files/Pods-GiphyAppUITests/Pods-GiphyAppUITests-resources.sh\"\n";
			showEnvVarsInLog = 0;
		};
		11A6D23772FFF229D13B3140 /* [CP] Copy Pods Resources */ = {
			isa = PBXShellScriptBuildPhase;
			buildActionMask = 2147483647;
			files = (
			);
			inputPaths = (
			);
			name = "[CP] Copy Pods Resources";
			outputPaths = (
			);
			runOnlyForDeploymentPostprocessing = 0;
			shellPath = /bin/sh;
			shellScript = "\"${SRCROOT}/Pods/Target Support Files/Pods-GiphyAppUITests/Pods-GiphyAppUITests-resources.sh\"\n";
			showEnvVarsInLog = 0;
		};
		1CFE3BB5DFB5C063ADB4865A /* 📦 Copy Pods Resources */ = {
			isa = PBXShellScriptBuildPhase;
			buildActionMask = 2147483647;
			files = (
			);
			inputPaths = (
			);
			name = "📦 Copy Pods Resources";
			outputPaths = (
			);
			runOnlyForDeploymentPostprocessing = 0;
			shellPath = /bin/sh;
			shellScript = "\"${SRCROOT}/Pods/Target Support Files/Pods-GiphyApp/Pods-GiphyApp-resources.sh\"\n";
			showEnvVarsInLog = 0;
		};
		1DF2EB65D7731B9FAEC2DCB3 /* 📦 Check Pods Manifest.lock */ = {
			isa = PBXShellScriptBuildPhase;
			buildActionMask = 2147483647;
			files = (
			);
			inputPaths = (
			);
			name = "📦 Check Pods Manifest.lock";
			outputPaths = (
			);
			runOnlyForDeploymentPostprocessing = 0;
			shellPath = /bin/sh;
			shellScript = "diff \"${PODS_ROOT}/../Podfile.lock\" \"${PODS_ROOT}/Manifest.lock\" > /dev/null\nif [[ $? != 0 ]] ; then\n    cat << EOM\nerror: The sandbox is not in sync with the Podfile.lock. Run 'pod install' or update your CocoaPods installation.\nEOM\n    exit 1\nfi\n";
			showEnvVarsInLog = 0;
		};
		20B807A81E20F6A17A5099BA /* 📦 Check Pods Manifest.lock */ = {
			isa = PBXShellScriptBuildPhase;
			buildActionMask = 2147483647;
			files = (
			);
			inputPaths = (
			);
			name = "📦 Check Pods Manifest.lock";
			outputPaths = (
			);
			runOnlyForDeploymentPostprocessing = 0;
			shellPath = /bin/sh;
			shellScript = "diff \"${PODS_ROOT}/../Podfile.lock\" \"${PODS_ROOT}/Manifest.lock\" > /dev/null\nif [[ $? != 0 ]] ; then\n    cat << EOM\nerror: The sandbox is not in sync with the Podfile.lock. Run 'pod install' or update your CocoaPods installation.\nEOM\n    exit 1\nfi\n";
			showEnvVarsInLog = 0;
		};
		3FA7DE51FA220DA042984FC3 /* 📦 Check Pods Manifest.lock */ = {
			isa = PBXShellScriptBuildPhase;
			buildActionMask = 2147483647;
			files = (
			);
			inputPaths = (
			);
			name = "📦 Check Pods Manifest.lock";
			outputPaths = (
			);
			runOnlyForDeploymentPostprocessing = 0;
			shellPath = /bin/sh;
			shellScript = "diff \"${PODS_ROOT}/../Podfile.lock\" \"${PODS_ROOT}/Manifest.lock\" > /dev/null\nif [[ $? != 0 ]] ; then\n    cat << EOM\nerror: The sandbox is not in sync with the Podfile.lock. Run 'pod install' or update your CocoaPods installation.\nEOM\n    exit 1\nfi\n";
			showEnvVarsInLog = 0;
		};
		60E6CAB14D3B3691E925E57F /* [CP] Check Pods Manifest.lock */ = {
			isa = PBXShellScriptBuildPhase;
			buildActionMask = 2147483647;
			files = (
			);
			inputPaths = (
			);
			name = "[CP] Check Pods Manifest.lock";
			outputPaths = (
			);
			runOnlyForDeploymentPostprocessing = 0;
			shellPath = /bin/sh;
			shellScript = "diff \"${PODS_ROOT}/../Podfile.lock\" \"${PODS_ROOT}/Manifest.lock\" > /dev/null\nif [ $? != 0 ] ; then\n    # print error to STDERR\n    echo \"error: The sandbox is not in sync with the Podfile.lock. Run 'pod install' or update your CocoaPods installation.\" >&2\n    exit 1\nfi\n";
			showEnvVarsInLog = 0;
		};
		704F9B5BE30A42F84BA0EFAC /* [CP] Embed Pods Frameworks */ = {
			isa = PBXShellScriptBuildPhase;
			buildActionMask = 2147483647;
			files = (
			);
			inputPaths = (
			);
			name = "[CP] Embed Pods Frameworks";
			outputPaths = (
			);
			runOnlyForDeploymentPostprocessing = 0;
			shellPath = /bin/sh;
			shellScript = "\"${SRCROOT}/Pods/Target Support Files/Pods-GiphyApp/Pods-GiphyApp-frameworks.sh\"\n";
			showEnvVarsInLog = 0;
		};
		7468E80D470B1FA59010FBED /* [CP] Check Pods Manifest.lock */ = {
			isa = PBXShellScriptBuildPhase;
			buildActionMask = 2147483647;
			files = (
			);
			inputPaths = (
			);
			name = "[CP] Check Pods Manifest.lock";
			outputPaths = (
			);
			runOnlyForDeploymentPostprocessing = 0;
			shellPath = /bin/sh;
			shellScript = "diff \"${PODS_ROOT}/../Podfile.lock\" \"${PODS_ROOT}/Manifest.lock\" > /dev/null\nif [ $? != 0 ] ; then\n    # print error to STDERR\n    echo \"error: The sandbox is not in sync with the Podfile.lock. Run 'pod install' or update your CocoaPods installation.\" >&2\n    exit 1\nfi\n";
			showEnvVarsInLog = 0;
		};
		7B4AA88073D6DEF3FDDBE575 /* [CP] Check Pods Manifest.lock */ = {
			isa = PBXShellScriptBuildPhase;
			buildActionMask = 2147483647;
			files = (
			);
			inputPaths = (
			);
			name = "[CP] Check Pods Manifest.lock";
			outputPaths = (
			);
			runOnlyForDeploymentPostprocessing = 0;
			shellPath = /bin/sh;
			shellScript = "diff \"${PODS_ROOT}/../Podfile.lock\" \"${PODS_ROOT}/Manifest.lock\" > /dev/null\nif [ $? != 0 ] ; then\n    # print error to STDERR\n    echo \"error: The sandbox is not in sync with the Podfile.lock. Run 'pod install' or update your CocoaPods installation.\" >&2\n    exit 1\nfi\n";
			showEnvVarsInLog = 0;
		};
		7CFD2264C5466F4C1F02828B /* [CP] Copy Pods Resources */ = {
			isa = PBXShellScriptBuildPhase;
			buildActionMask = 2147483647;
			files = (
			);
			inputPaths = (
			);
			name = "[CP] Copy Pods Resources";
			outputPaths = (
			);
			runOnlyForDeploymentPostprocessing = 0;
			shellPath = /bin/sh;
			shellScript = "\"${SRCROOT}/Pods/Target Support Files/Pods-GiphyAppTests/Pods-GiphyAppTests-resources.sh\"\n";
			showEnvVarsInLog = 0;
		};
		7D7DFC67A4B14657DB0C64CC /* [CP] Embed Pods Frameworks */ = {
			isa = PBXShellScriptBuildPhase;
			buildActionMask = 2147483647;
			files = (
			);
			inputPaths = (
			);
			name = "[CP] Embed Pods Frameworks";
			outputPaths = (
			);
			runOnlyForDeploymentPostprocessing = 0;
			shellPath = /bin/sh;
			shellScript = "\"${SRCROOT}/Pods/Target Support Files/Pods-GiphyAppUITests/Pods-GiphyAppUITests-frameworks.sh\"\n";
			showEnvVarsInLog = 0;
		};
		AEBAD747E42DA0415899599E /* 📦 Embed Pods Frameworks */ = {
			isa = PBXShellScriptBuildPhase;
			buildActionMask = 2147483647;
			files = (
			);
			inputPaths = (
			);
			name = "📦 Embed Pods Frameworks";
			outputPaths = (
			);
			runOnlyForDeploymentPostprocessing = 0;
			shellPath = /bin/sh;
			shellScript = "\"${SRCROOT}/Pods/Target Support Files/Pods-GiphyAppTests/Pods-GiphyAppTests-frameworks.sh\"\n";
			showEnvVarsInLog = 0;
		};
		CEFF3A750AD91261F9C3C102 /* 📦 Copy Pods Resources */ = {
			isa = PBXShellScriptBuildPhase;
			buildActionMask = 2147483647;
			files = (
			);
			inputPaths = (
			);
			name = "📦 Copy Pods Resources";
			outputPaths = (
			);
			runOnlyForDeploymentPostprocessing = 0;
			shellPath = /bin/sh;
			shellScript = "\"${SRCROOT}/Pods/Target Support Files/Pods-GiphyAppTests/Pods-GiphyAppTests-resources.sh\"\n";
			showEnvVarsInLog = 0;
		};
		D0463CE0413D92B2C7F48409 /* [CP] Copy Pods Resources */ = {
			isa = PBXShellScriptBuildPhase;
			buildActionMask = 2147483647;
			files = (
			);
			inputPaths = (
			);
			name = "[CP] Copy Pods Resources";
			outputPaths = (
			);
			runOnlyForDeploymentPostprocessing = 0;
			shellPath = /bin/sh;
			shellScript = "\"${SRCROOT}/Pods/Target Support Files/Pods-GiphyApp/Pods-GiphyApp-resources.sh\"\n";
			showEnvVarsInLog = 0;
		};
		DB52F5C38730729AFD9E6779 /* [CP] Embed Pods Frameworks */ = {
			isa = PBXShellScriptBuildPhase;
			buildActionMask = 2147483647;
			files = (
			);
			inputPaths = (
			);
			name = "[CP] Embed Pods Frameworks";
			outputPaths = (
			);
			runOnlyForDeploymentPostprocessing = 0;
			shellPath = /bin/sh;
			shellScript = "\"${SRCROOT}/Pods/Target Support Files/Pods-GiphyAppTests/Pods-GiphyAppTests-frameworks.sh\"\n";
			showEnvVarsInLog = 0;
		};
		F3D157200A9E5DEB810F84E6 /* 📦 Embed Pods Frameworks */ = {
			isa = PBXShellScriptBuildPhase;
			buildActionMask = 2147483647;
			files = (
			);
			inputPaths = (
			);
			name = "📦 Embed Pods Frameworks";
			outputPaths = (
			);
			runOnlyForDeploymentPostprocessing = 0;
			shellPath = /bin/sh;
			shellScript = "\"${SRCROOT}/Pods/Target Support Files/Pods-GiphyApp/Pods-GiphyApp-frameworks.sh\"\n";
			showEnvVarsInLog = 0;
		};
/* End PBXShellScriptBuildPhase section */

/* Begin PBXSourcesBuildPhase section */
		8BA1A2971EC452CF001CCE7E /* Sources */ = {
			isa = PBXSourcesBuildPhase;
			buildActionMask = 2147483647;
			files = (
				8BC914B81EC46B9C00C6A16F /* GifCell.m in Sources */,
				F56514ED1EF9BF380086844A /* GiphyImageImages.m in Sources */,
				F56514EA1EF9BEF00086844A /* GiphyImage.m in Sources */,
				8BC914BB1EC47BBB00C6A16F /* giphyService.m in Sources */,
				F56514F01EF9BFD90086844A /* GiphyImageSettings.m in Sources */,
				8BC914B01EC4694300C6A16F /* giphyCollectionViewController.m in Sources */,
				8BA1A2A31EC452CF001CCE7E /* AppDelegate.m in Sources */,
				8BA1A2A01EC452CF001CCE7E /* main.m in Sources */,
			);
			runOnlyForDeploymentPostprocessing = 0;
		};
		8BA1A2B01EC452CF001CCE7E /* Sources */ = {
			isa = PBXSourcesBuildPhase;
			buildActionMask = 2147483647;
			files = (
				8BA1A2B91EC452CF001CCE7E /* GiphyAppTests.m in Sources */,
			);
			runOnlyForDeploymentPostprocessing = 0;
		};
		8BA1A2BB1EC452CF001CCE7E /* Sources */ = {
			isa = PBXSourcesBuildPhase;
			buildActionMask = 2147483647;
			files = (
				8BA1A2C41EC452CF001CCE7E /* GiphyAppUITests.m in Sources */,
			);
			runOnlyForDeploymentPostprocessing = 0;
		};
/* End PBXSourcesBuildPhase section */

/* Begin PBXTargetDependency section */
		8BA1A2B61EC452CF001CCE7E /* PBXTargetDependency */ = {
			isa = PBXTargetDependency;
			target = 8BA1A29A1EC452CF001CCE7E /* GiphyApp */;
			targetProxy = 8BA1A2B51EC452CF001CCE7E /* PBXContainerItemProxy */;
		};
		8BA1A2C11EC452CF001CCE7E /* PBXTargetDependency */ = {
			isa = PBXTargetDependency;
			target = 8BA1A29A1EC452CF001CCE7E /* GiphyApp */;
			targetProxy = 8BA1A2C01EC452CF001CCE7E /* PBXContainerItemProxy */;
		};
/* End PBXTargetDependency section */

/* Begin PBXVariantGroup section */
		8BA1A2A71EC452CF001CCE7E /* Main.storyboard */ = {
			isa = PBXVariantGroup;
			children = (
				8BA1A2A81EC452CF001CCE7E /* Base */,
			);
			name = Main.storyboard;
			sourceTree = "<group>";
		};
		8BA1A2AC1EC452CF001CCE7E /* LaunchScreen.storyboard */ = {
			isa = PBXVariantGroup;
			children = (
				8BA1A2AD1EC452CF001CCE7E /* Base */,
			);
			name = LaunchScreen.storyboard;
			sourceTree = "<group>";
		};
/* End PBXVariantGroup section */

/* Begin XCBuildConfiguration section */
		8BA1A2C61EC452CF001CCE7E /* Debug */ = {
			isa = XCBuildConfiguration;
			buildSettings = {
				ALWAYS_SEARCH_USER_PATHS = NO;
				CLANG_ANALYZER_NONNULL = YES;
				CLANG_CXX_LANGUAGE_STANDARD = "gnu++0x";
				CLANG_CXX_LIBRARY = "libc++";
				CLANG_ENABLE_MODULES = YES;
				CLANG_ENABLE_OBJC_ARC = YES;
				CLANG_WARN_BOOL_CONVERSION = YES;
				CLANG_WARN_CONSTANT_CONVERSION = YES;
				CLANG_WARN_DIRECT_OBJC_ISA_USAGE = YES_ERROR;
				CLANG_WARN_DOCUMENTATION_COMMENTS = YES;
				CLANG_WARN_EMPTY_BODY = YES;
				CLANG_WARN_ENUM_CONVERSION = YES;
				CLANG_WARN_INFINITE_RECURSION = YES;
				CLANG_WARN_INT_CONVERSION = YES;
				CLANG_WARN_OBJC_ROOT_CLASS = YES_ERROR;
				CLANG_WARN_SUSPICIOUS_MOVE = YES;
				CLANG_WARN_UNREACHABLE_CODE = YES;
				CLANG_WARN__DUPLICATE_METHOD_MATCH = YES;
				"CODE_SIGN_IDENTITY[sdk=iphoneos*]" = "iPhone Developer";
				COPY_PHASE_STRIP = NO;
				DEBUG_INFORMATION_FORMAT = dwarf;
				ENABLE_STRICT_OBJC_MSGSEND = YES;
				ENABLE_TESTABILITY = YES;
				GCC_C_LANGUAGE_STANDARD = gnu99;
				GCC_DYNAMIC_NO_PIC = NO;
				GCC_NO_COMMON_BLOCKS = YES;
				GCC_OPTIMIZATION_LEVEL = 0;
				GCC_PREPROCESSOR_DEFINITIONS = (
					"DEBUG=1",
					"$(inherited)",
				);
				GCC_WARN_64_TO_32_BIT_CONVERSION = YES;
				GCC_WARN_ABOUT_RETURN_TYPE = YES_ERROR;
				GCC_WARN_UNDECLARED_SELECTOR = YES;
				GCC_WARN_UNINITIALIZED_AUTOS = YES_AGGRESSIVE;
				GCC_WARN_UNUSED_FUNCTION = YES;
				GCC_WARN_UNUSED_VARIABLE = YES;
				IPHONEOS_DEPLOYMENT_TARGET = 10.2;
				MTL_ENABLE_DEBUG_INFO = YES;
				ONLY_ACTIVE_ARCH = YES;
				SDKROOT = iphoneos;
			};
			name = Debug;
		};
		8BA1A2C71EC452CF001CCE7E /* Release */ = {
			isa = XCBuildConfiguration;
			buildSettings = {
				ALWAYS_SEARCH_USER_PATHS = NO;
				CLANG_ANALYZER_NONNULL = YES;
				CLANG_CXX_LANGUAGE_STANDARD = "gnu++0x";
				CLANG_CXX_LIBRARY = "libc++";
				CLANG_ENABLE_MODULES = YES;
				CLANG_ENABLE_OBJC_ARC = YES;
				CLANG_WARN_BOOL_CONVERSION = YES;
				CLANG_WARN_CONSTANT_CONVERSION = YES;
				CLANG_WARN_DIRECT_OBJC_ISA_USAGE = YES_ERROR;
				CLANG_WARN_DOCUMENTATION_COMMENTS = YES;
				CLANG_WARN_EMPTY_BODY = YES;
				CLANG_WARN_ENUM_CONVERSION = YES;
				CLANG_WARN_INFINITE_RECURSION = YES;
				CLANG_WARN_INT_CONVERSION = YES;
				CLANG_WARN_OBJC_ROOT_CLASS = YES_ERROR;
				CLANG_WARN_SUSPICIOUS_MOVE = YES;
				CLANG_WARN_UNREACHABLE_CODE = YES;
				CLANG_WARN__DUPLICATE_METHOD_MATCH = YES;
				"CODE_SIGN_IDENTITY[sdk=iphoneos*]" = "iPhone Developer";
				COPY_PHASE_STRIP = NO;
				DEBUG_INFORMATION_FORMAT = "dwarf-with-dsym";
				ENABLE_NS_ASSERTIONS = NO;
				ENABLE_STRICT_OBJC_MSGSEND = YES;
				GCC_C_LANGUAGE_STANDARD = gnu99;
				GCC_NO_COMMON_BLOCKS = YES;
				GCC_WARN_64_TO_32_BIT_CONVERSION = YES;
				GCC_WARN_ABOUT_RETURN_TYPE = YES_ERROR;
				GCC_WARN_UNDECLARED_SELECTOR = YES;
				GCC_WARN_UNINITIALIZED_AUTOS = YES_AGGRESSIVE;
				GCC_WARN_UNUSED_FUNCTION = YES;
				GCC_WARN_UNUSED_VARIABLE = YES;
				IPHONEOS_DEPLOYMENT_TARGET = 10.2;
				MTL_ENABLE_DEBUG_INFO = NO;
				SDKROOT = iphoneos;
				VALIDATE_PRODUCT = YES;
			};
			name = Release;
		};
		8BA1A2C91EC452CF001CCE7E /* Debug */ = {
			isa = XCBuildConfiguration;
			baseConfigurationReference = 5A2CFD4DC4E1A6D3EFFD3719 /* Pods-GiphyApp.debug.xcconfig */;
			buildSettings = {
				ASSETCATALOG_COMPILER_APPICON_NAME = AppIcon;
				INFOPLIST_FILE = GiphyApp/Info.plist;
				LD_RUNPATH_SEARCH_PATHS = "$(inherited) @executable_path/Frameworks";
				PRODUCT_BUNDLE_IDENTIFIER = com.yuri.GiphyApp;
				PRODUCT_NAME = "$(TARGET_NAME)";
			};
			name = Debug;
		};
		8BA1A2CA1EC452CF001CCE7E /* Release */ = {
			isa = XCBuildConfiguration;
			baseConfigurationReference = F682100E3FE0F8E0FCB14C9D /* Pods-GiphyApp.release.xcconfig */;
			buildSettings = {
				ASSETCATALOG_COMPILER_APPICON_NAME = AppIcon;
				INFOPLIST_FILE = GiphyApp/Info.plist;
				LD_RUNPATH_SEARCH_PATHS = "$(inherited) @executable_path/Frameworks";
				PRODUCT_BUNDLE_IDENTIFIER = com.yuri.GiphyApp;
				PRODUCT_NAME = "$(TARGET_NAME)";
			};
			name = Release;
		};
		8BA1A2CC1EC452CF001CCE7E /* Debug */ = {
			isa = XCBuildConfiguration;
			baseConfigurationReference = 501763FC9B8D2A6951D6DBED /* Pods-GiphyAppTests.debug.xcconfig */;
			buildSettings = {
				BUNDLE_LOADER = "$(TEST_HOST)";
				INFOPLIST_FILE = GiphyAppTests/Info.plist;
				LD_RUNPATH_SEARCH_PATHS = "$(inherited) @executable_path/Frameworks @loader_path/Frameworks";
				PRODUCT_BUNDLE_IDENTIFIER = com.yuri.GiphyAppTests;
				PRODUCT_NAME = "$(TARGET_NAME)";
				TEST_HOST = "$(BUILT_PRODUCTS_DIR)/GiphyApp.app/GiphyApp";
			};
			name = Debug;
		};
		8BA1A2CD1EC452CF001CCE7E /* Release */ = {
			isa = XCBuildConfiguration;
			baseConfigurationReference = 3A05B732594A7F7402903F56 /* Pods-GiphyAppTests.release.xcconfig */;
			buildSettings = {
				BUNDLE_LOADER = "$(TEST_HOST)";
				INFOPLIST_FILE = GiphyAppTests/Info.plist;
				LD_RUNPATH_SEARCH_PATHS = "$(inherited) @executable_path/Frameworks @loader_path/Frameworks";
				PRODUCT_BUNDLE_IDENTIFIER = com.yuri.GiphyAppTests;
				PRODUCT_NAME = "$(TARGET_NAME)";
				TEST_HOST = "$(BUILT_PRODUCTS_DIR)/GiphyApp.app/GiphyApp";
			};
			name = Release;
		};
		8BA1A2CF1EC452CF001CCE7E /* Debug */ = {
			isa = XCBuildConfiguration;
			baseConfigurationReference = 1D8591015EB390198AF619AC /* Pods-GiphyAppUITests.debug.xcconfig */;
			buildSettings = {
				INFOPLIST_FILE = GiphyAppUITests/Info.plist;
				LD_RUNPATH_SEARCH_PATHS = "$(inherited) @executable_path/Frameworks @loader_path/Frameworks";
				PRODUCT_BUNDLE_IDENTIFIER = com.yuri.GiphyAppUITests;
				PRODUCT_NAME = "$(TARGET_NAME)";
				TEST_TARGET_NAME = GiphyApp;
			};
			name = Debug;
		};
		8BA1A2D01EC452CF001CCE7E /* Release */ = {
			isa = XCBuildConfiguration;
			baseConfigurationReference = 4FA9130FE6F0E2BD0C974A7A /* Pods-GiphyAppUITests.release.xcconfig */;
			buildSettings = {
				INFOPLIST_FILE = GiphyAppUITests/Info.plist;
				LD_RUNPATH_SEARCH_PATHS = "$(inherited) @executable_path/Frameworks @loader_path/Frameworks";
				PRODUCT_BUNDLE_IDENTIFIER = com.yuri.GiphyAppUITests;
				PRODUCT_NAME = "$(TARGET_NAME)";
				TEST_TARGET_NAME = GiphyApp;
			};
			name = Release;
		};
/* End XCBuildConfiguration section */

/* Begin XCConfigurationList section */
		8BA1A2961EC452CF001CCE7E /* Build configuration list for PBXProject "GiphyApp" */ = {
			isa = XCConfigurationList;
			buildConfigurations = (
				8BA1A2C61EC452CF001CCE7E /* Debug */,
				8BA1A2C71EC452CF001CCE7E /* Release */,
			);
			defaultConfigurationIsVisible = 0;
			defaultConfigurationName = Release;
		};
		8BA1A2C81EC452CF001CCE7E /* Build configuration list for PBXNativeTarget "GiphyApp" */ = {
			isa = XCConfigurationList;
			buildConfigurations = (
				8BA1A2C91EC452CF001CCE7E /* Debug */,
				8BA1A2CA1EC452CF001CCE7E /* Release */,
			);
			defaultConfigurationIsVisible = 0;
			defaultConfigurationName = Release;
		};
		8BA1A2CB1EC452CF001CCE7E /* Build configuration list for PBXNativeTarget "GiphyAppTests" */ = {
			isa = XCConfigurationList;
			buildConfigurations = (
				8BA1A2CC1EC452CF001CCE7E /* Debug */,
				8BA1A2CD1EC452CF001CCE7E /* Release */,
			);
			defaultConfigurationIsVisible = 0;
			defaultConfigurationName = Release;
		};
		8BA1A2CE1EC452CF001CCE7E /* Build configuration list for PBXNativeTarget "GiphyAppUITests" */ = {
			isa = XCConfigurationList;
			buildConfigurations = (
				8BA1A2CF1EC452CF001CCE7E /* Debug */,
				8BA1A2D01EC452CF001CCE7E /* Release */,
			);
			defaultConfigurationIsVisible = 0;
			defaultConfigurationName = Release;
		};
/* End XCConfigurationList section */
	};
	rootObject = 8BA1A2931EC452CF001CCE7E /* Project object */;
}
